
Microsoft Visual Studio Solution File, Format Version 12.00
# Visual Studio Version 16
VisualStudioVersion = 16.0.30114.105
MinimumVisualStudioVersion = 10.0.40219.1
Project("{FAE04EC0-301F-11D3-BF4B-00C04F79EFBC}") = "PhoneBook.Domain", "src\PhoneBook.Domain\PhoneBook.Domain.csproj", "{53387AE1-AF03-42C5-9742-7D2FC26540CE}"
EndProject
Project("{FAE04EC0-301F-11D3-BF4B-00C04F79EFBC}") = "PhoneBook.Tests.Unit", "tests\PhoneBook.Tests.Unit\PhoneBook.Tests.Unit.csproj", "{B312B199-E469-45DD-ABE1-FD2826BDB7D2}"
EndProject
Global
	GlobalSection(SolutionConfigurationPlatforms) = preSolution
		Debug|Any CPU = Debug|Any CPU
		Release|Any CPU = Release|Any CPU
	EndGlobalSection
	GlobalSection(SolutionProperties) = preSolution
		HideSolutionNode = FALSE
	EndGlobalSection
	GlobalSection(ProjectConfigurationPlatforms) = postSolution
		{53387AE1-AF03-42C5-9742-7D2FC26540CE}.Debug|Any CPU.ActiveCfg = Debug|Any CPU
		{53387AE1-AF03-42C5-9742-7D2FC26540CE}.Debug|Any CPU.Build.0 = Debug|Any CPU
		{53387AE1-AF03-42C5-9742-7D2FC26540CE}.Release|Any CPU.ActiveCfg = Release|Any CPU
		{53387AE1-AF03-42C5-9742-7D2FC26540CE}.Release|Any CPU.Build.0 = Release|Any CPU
		{B312B199-E469-45DD-ABE1-FD2826BDB7D2}.Debug|Any CPU.ActiveCfg = Debug|Any CPU
		{B312B199-E469-45DD-ABE1-FD2826BDB7D2}.Debug|Any CPU.Build.0 = Debug|Any CPU
		{B312B199-E469-45DD-ABE1-FD2826BDB7D2}.Release|Any CPU.ActiveCfg = Release|Any CPU
		{B312B199-E469-45DD-ABE1-FD2826BDB7D2}.Release|Any CPU.Build.0 = Release|Any CPU
	EndGlobalSection
EndGlobal
